
Microsoft Visual Studio Solution File, Format Version 12.00
# Visual Studio Version 17
VisualStudioVersion = 17.8.34525.116
MinimumVisualStudioVersion = 10.0.40219.1
Project("{FAE04EC0-301F-11D3-BF4B-00C04F79EFBC}") = "MyFirstApp", "MyFirstApp\MyFirstApp.csproj", "{C40B761C-4375-4E31-BFDB-1539D1E3B468}"
EndProject
Global
	GlobalSection(SolutionConfigurationPlatforms) = preSolution
		Debug|Any CPU = Debug|Any CPU
		Release|Any CPU = Release|Any CPU
	EndGlobalSection
	GlobalSection(ProjectConfigurationPlatforms) = postSolution
		{C40B761C-4375-4E31-BFDB-1539D1E3B468}.Debug|Any CPU.ActiveCfg = Debug|Any CPU
		{C40B761C-4375-4E31-BFDB-1539D1E3B468}.Debug|Any CPU.Build.0 = Debug|Any CPU
		{C40B761C-4375-4E31-BFDB-1539D1E3B468}.Release|Any CPU.ActiveCfg = Release|Any CPU
		{C40B761C-4375-4E31-BFDB-1539D1E3B468}.Release|Any CPU.Build.0 = Release|Any CPU
	EndGlobalSection
	GlobalSection(SolutionProperties) = preSolution
		HideSolutionNode = FALSE
	EndGlobalSection
	GlobalSection(ExtensibilityGlobals) = postSolution
		SolutionGuid = {6DAE6726-1E0C-4BF7-BA00-DA051C9757D4}
	EndGlobalSection
EndGlobal
